// !$*UTF8*$!
{
	archiveVersion = 1;
	classes = {
	};
	objectVersion = 46;
	objects = {

/* Begin PBXBuildFile section */
		154EFE7B1E76A68D00405ECF /* GradientLine.m in Sources */ = {isa = PBXBuildFile; fileRef = 154EFE7A1E76A68D00405ECF /* GradientLine.m */; };
		1554D0001E10CE8D000FC274 /* main.m in Sources */ = {isa = PBXBuildFile; fileRef = 1554CFFF1E10CE8D000FC274 /* main.m */; };
		1554D0031E10CE8D000FC274 /* AppDelegate.m in Sources */ = {isa = PBXBuildFile; fileRef = 1554D0021E10CE8D000FC274 /* AppDelegate.m */; };
		1554D0061E10CE8D000FC274 /* ViewController.m in Sources */ = {isa = PBXBuildFile; fileRef = 1554D0051E10CE8D000FC274 /* ViewController.m */; };
		1554D0091E10CE8D000FC274 /* Main.storyboard in Resources */ = {isa = PBXBuildFile; fileRef = 1554D0071E10CE8D000FC274 /* Main.storyboard */; };
		1554D00B1E10CE8D000FC274 /* Assets.xcassets in Resources */ = {isa = PBXBuildFile; fileRef = 1554D00A1E10CE8D000FC274 /* Assets.xcassets */; };
		1554D00E1E10CE8D000FC274 /* LaunchScreen.storyboard in Resources */ = {isa = PBXBuildFile; fileRef = 1554D00C1E10CE8D000FC274 /* LaunchScreen.storyboard */; };
		15BFAA23208F24FB00664992 /* NextVC.m in Sources */ = {isa = PBXBuildFile; fileRef = 15BFAA22208F24FB00664992 /* NextVC.m */; };
		15C35EAC21C9E520006B1CA3 /* GradientRingView.m in Sources */ = {isa = PBXBuildFile; fileRef = 15C35EAA21C9E51F006B1CA3 /* GradientRingView.m */; };
/* End PBXBuildFile section */

/* Begin PBXFileReference section */
		154EFE791E76A68D00405ECF /* GradientLine.h */ = {isa = PBXFileReference; fileEncoding = 4; lastKnownFileType = sourcecode.c.h; path = GradientLine.h; sourceTree = "<group>"; };
		154EFE7A1E76A68D00405ECF /* GradientLine.m */ = {isa = PBXFileReference; fileEncoding = 4; lastKnownFileType = sourcecode.c.objc; path = GradientLine.m; sourceTree = "<group>"; };
		1554CFFB1E10CE8D000FC274 /* GradientBezierLine.app */ = {isa = PBXFileReference; explicitFileType = wrapper.application; includeInIndex = 0; path = GradientBezierLine.app; sourceTree = BUILT_PRODUCTS_DIR; };
		1554CFFF1E10CE8D000FC274 /* main.m */ = {isa = PBXFileReference; lastKnownFileType = sourcecode.c.objc; path = main.m; sourceTree = "<group>"; };
		1554D0011E10CE8D000FC274 /* AppDelegate.h */ = {isa = PBXFileReference; lastKnownFileType = sourcecode.c.h; path = AppDelegate.h; sourceTree = "<group>"; };
		1554D0021E10CE8D000FC274 /* AppDelegate.m */ = {isa = PBXFileReference; lastKnownFileType = sourcecode.c.objc; path = AppDelegate.m; sourceTree = "<group>"; };
		1554D0041E10CE8D000FC274 /* ViewController.h */ = {isa = PBXFileReference; lastKnownFileType = sourcecode.c.h; path = ViewController.h; sourceTree = "<group>"; };
		1554D0051E10CE8D000FC274 /* ViewController.m */ = {isa = PBXFileReference; lastKnownFileType = sourcecode.c.objc; path = ViewController.m; sourceTree = "<group>"; };
		1554D0081E10CE8D000FC274 /* Base */ = {isa = PBXFileReference; lastKnownFileType = file.storyboard; name = Base; path = Base.lproj/Main.storyboard; sourceTree = "<group>"; };
		1554D00A1E10CE8D000FC274 /* Assets.xcassets */ = {isa = PBXFileReference; lastKnownFileType = folder.assetcatalog; path = Assets.xcassets; sourceTree = "<group>"; };
		1554D00D1E10CE8D000FC274 /* Base */ = {isa = PBXFileReference; lastKnownFileType = file.storyboard; name = Base; path = Base.lproj/LaunchScreen.storyboard; sourceTree = "<group>"; };
		1554D00F1E10CE8D000FC274 /* Info.plist */ = {isa = PBXFileReference; lastKnownFileType = text.plist.xml; path = Info.plist; sourceTree = "<group>"; };
		15BFAA21208F24FB00664992 /* NextVC.h */ = {isa = PBXFileReference; lastKnownFileType = sourcecode.c.h; path = NextVC.h; sourceTree = "<group>"; };
		15BFAA22208F24FB00664992 /* NextVC.m */ = {isa = PBXFileReference; lastKnownFileType = sourcecode.c.objc; path = NextVC.m; sourceTree = "<group>"; };
		15C35EAA21C9E51F006B1CA3 /* GradientRingView.m */ = {isa = PBXFileReference; fileEncoding = 4; lastKnownFileType = sourcecode.c.objc; path = GradientRingView.m; sourceTree = "<group>"; };
		15C35EAB21C9E520006B1CA3 /* GradientRingView.h */ = {isa = PBXFileReference; fileEncoding = 4; lastKnownFileType = sourcecode.c.h; path = GradientRingView.h; sourceTree = "<group>"; };
/* End PBXFileReference section */

/* Begin PBXFrameworksBuildPhase section */
		1554CFF81E10CE8D000FC274 /* Frameworks */ = {
			isa = PBXFrameworksBuildPhase;
			buildActionMask = 2147483647;
			files = (
			);
			runOnlyForDeploymentPostprocessing = 0;
		};
/* End PBXFrameworksBuildPhase section */

/* Begin PBXGroup section */
		154EFE781E76A67E00405ECF /* dev */ = {
			isa = PBXGroup;
			children = (
				154EFE791E76A68D00405ECF /* GradientLine.h */,
				154EFE7A1E76A68D00405ECF /* GradientLine.m */,
			);
			name = dev;
			sourceTree = "<group>";
		};
		1554CFF21E10CE8D000FC274 = {
			isa = PBXGroup;
			children = (
				1554CFFD1E10CE8D000FC274 /* GradientBezierLine */,
				1554CFFC1E10CE8D000FC274 /* Products */,
			);
			sourceTree = "<group>";
		};
		1554CFFC1E10CE8D000FC274 /* Products */ = {
			isa = PBXGroup;
			children = (
				1554CFFB1E10CE8D000FC274 /* GradientBezierLine.app */,
			);
			name = Products;
			sourceTree = "<group>";
		};
		1554CFFD1E10CE8D000FC274 /* GradientBezierLine */ = {
			isa = PBXGroup;
			children = (
				154EFE781E76A67E00405ECF /* dev */,
				1554D0011E10CE8D000FC274 /* AppDelegate.h */,
				1554D0021E10CE8D000FC274 /* AppDelegate.m */,
				1554D0041E10CE8D000FC274 /* ViewController.h */,
				1554D0051E10CE8D000FC274 /* ViewController.m */,
				15BFAA21208F24FB00664992 /* NextVC.h */,
				15BFAA22208F24FB00664992 /* NextVC.m */,
				15C35EAB21C9E520006B1CA3 /* GradientRingView.h */,
				15C35EAA21C9E51F006B1CA3 /* GradientRingView.m */,
				1554D0071E10CE8D000FC274 /* Main.storyboard */,
				1554D00A1E10CE8D000FC274 /* Assets.xcassets */,
				1554D00C1E10CE8D000FC274 /* LaunchScreen.storyboard */,
				1554D00F1E10CE8D000FC274 /* Info.plist */,
				1554CFFE1E10CE8D000FC274 /* Supporting Files */,
			);
			path = GradientBezierLine;
			sourceTree = "<group>";
		};
		1554CFFE1E10CE8D000FC274 /* Supporting Files */ = {
			isa = PBXGroup;
			children = (
				1554CFFF1E10CE8D000FC274 /* main.m */,
			);
			name = "Supporting Files";
			sourceTree = "<group>";
		};
/* End PBXGroup section */

/* Begin PBXNativeTarget section */
		1554CFFA1E10CE8D000FC274 /* GradientBezierLine */ = {
			isa = PBXNativeTarget;
			buildConfigurationList = 1554D0121E10CE8D000FC274 /* Build configuration list for PBXNativeTarget "GradientBezierLine" */;
			buildPhases = (
				1554CFF71E10CE8D000FC274 /* Sources */,
				1554CFF81E10CE8D000FC274 /* Frameworks */,
				1554CFF91E10CE8D000FC274 /* Resources */,
			);
			buildRules = (
			);
			dependencies = (
			);
			name = GradientBezierLine;
			productName = GradientBezierLine;
			productReference = 1554CFFB1E10CE8D000FC274 /* GradientBezierLine.app */;
			productType = "com.apple.product-type.application";
		};
/* End PBXNativeTarget section */

/* Begin PBXProject section */
		1554CFF31E10CE8D000FC274 /* Project object */ = {
			isa = PBXProject;
			attributes = {
				LastUpgradeCheck = 0920;
				ORGANIZATIONNAME = Ive;
				TargetAttributes = {
					1554CFFA1E10CE8D000FC274 = {
						CreatedOnToolsVersion = 8.1;
						ProvisioningStyle = Automatic;
					};
				};
			};
			buildConfigurationList = 1554CFF61E10CE8D000FC274 /* Build configuration list for PBXProject "GradientBezierLine" */;
			compatibilityVersion = "Xcode 3.2";
			developmentRegion = English;
			hasScannedForEncodings = 0;
			knownRegions = (
				en,
				Base,
			);
			mainGroup = 1554CFF21E10CE8D000FC274;
			productRefGroup = 1554CFFC1E10CE8D000FC274 /* Products */;
			projectDirPath = "";
			projectRoot = "";
			targets = (
				1554CFFA1E10CE8D000FC274 /* GradientBezierLine */,
			);
		};
/* End PBXProject section */

/* Begin PBXResourcesBuildPhase section */
		1554CFF91E10CE8D000FC274 /* Resources */ = {
			isa = PBXResourcesBuildPhase;
			buildActionMask = 2147483647;
			files = (
				1554D00E1E10CE8D000FC274 /* LaunchScreen.storyboard in Resources */,
				1554D00B1E10CE8D000FC274 /* Assets.xcassets in Resources */,
				1554D0091E10CE8D000FC274 /* Main.storyboard in Resources */,
			);
			runOnlyForDeploymentPostprocessing = 0;
		};
/* End PBXResourcesBuildPhase section */

/* Begin PBXSourcesBuildPhase section */
		1554CFF71E10CE8D000FC274 /* Sources */ = {
			isa = PBXSourcesBuildPhase;
			buildActionMask = 2147483647;
			files = (
				1554D0061E10CE8D000FC274 /* ViewController.m in Sources */,
				1554D0031E10CE8D000FC274 /* AppDelegate.m in Sources */,
				154EFE7B1E76A68D00405ECF /* GradientLine.m in Sources */,
				15BFAA23208F24FB00664992 /* NextVC.m in Sources */,
				15C35EAC21C9E520006B1CA3 /* GradientRingView.m in Sources */,
				1554D0001E10CE8D000FC274 /* main.m in Sources */,
			);
			runOnlyForDeploymentPostprocessing = 0;
		};
/* End PBXSourcesBuildPhase section */

/* Begin PBXVariantGroup section */
		1554D0071E10CE8D000FC274 /* Main.storyboard */ = {
			isa = PBXVariantGroup;
			children = (
				1554D0081E10CE8D000FC274 /* Base */,
			);
			name = Main.storyboard;
			sourceTree = "<group>";
		};
		1554D00C1E10CE8D000FC274 /* LaunchScreen.storyboard */ = {
			isa = PBXVariantGroup;
			children = (
				1554D00D1E10CE8D000FC274 /* Base */,
			);
			name = LaunchScreen.storyboard;
			sourceTree = "<group>";
		};
/* End PBXVariantGroup section */

/* Begin XCBuildConfiguration section */
		1554D0101E10CE8D000FC274 /* Debug */ = {
			isa = XCBuildConfiguration;
			buildSettings = {
				ALWAYS_SEARCH_USER_PATHS = NO;
				CLANG_ANALYZER_NONNULL = YES;
				CLANG_CXX_LANGUAGE_STANDARD = "gnu++0x";
				CLANG_CXX_LIBRARY = "libc++";
				CLANG_ENABLE_MODULES = YES;
				CLANG_ENABLE_OBJC_ARC = YES;
				CLANG_WARN_BLOCK_CAPTURE_AUTORELEASING = YES;
				CLANG_WARN_BOOL_CONVERSION = YES;
				CLANG_WARN_COMMA = YES;
				CLANG_WARN_CONSTANT_CONVERSION = YES;
				CLANG_WARN_DIRECT_OBJC_ISA_USAGE = YES_ERROR;
				CLANG_WARN_DOCUMENTATION_COMMENTS = YES;
				CLANG_WARN_EMPTY_BODY = YES;
				CLANG_WARN_ENUM_CONVERSION = YES;
				CLANG_WARN_INFINITE_RECURSION = YES;
				CLANG_WARN_INT_CONVERSION = YES;
				CLANG_WARN_NON_LITERAL_NULL_CONVERSION = YES;
				CLANG_WARN_OBJC_LITERAL_CONVERSION = YES;
				CLANG_WARN_OBJC_ROOT_CLASS = YES_ERROR;
				CLANG_WARN_RANGE_LOOP_ANALYSIS = YES;
				CLANG_WARN_STRICT_PROTOTYPES = YES;
				CLANG_WARN_SUSPICIOUS_MOVE = YES;
				CLANG_WARN_SUSPICIOUS_MOVES = YES;
				CLANG_WARN_UNREACHABLE_CODE = YES;
				CLANG_WARN__DUPLICATE_METHOD_MATCH = YES;
				"CODE_SIGN_IDENTITY[sdk=iphoneos*]" = "iPhone Developer";
				COPY_PHASE_STRIP = NO;
				DEBUG_INFORMATION_FORMAT = dwarf;
				ENABLE_STRICT_OBJC_MSGSEND = YES;
				ENABLE_TESTABILITY = YES;
				GCC_C_LANGUAGE_STANDARD = gnu99;
				GCC_DYNAMIC_NO_PIC = NO;
				GCC_NO_COMMON_BLOCKS = YES;
				GCC_OPTIMIZATION_LEVEL = 0;
				GCC_PREPROCESSOR_DEFINITIONS = (
					"DEBUG=1",
					"$(inherited)",
				);
				GCC_WARN_64_TO_32_BIT_CONVERSION = YES;
				GCC_WARN_ABOUT_RETURN_TYPE = YES_ERROR;
				GCC_WARN_UNDECLARED_SELECTOR = YES;
				GCC_WARN_UNINITIALIZED_AUTOS = YES_AGGRESSIVE;
				GCC_WARN_UNUSED_FUNCTION = YES;
				GCC_WARN_UNUSED_VARIABLE = YES;
				IPHONEOS_DEPLOYMENT_TARGET = 10.1;
				MTL_ENABLE_DEBUG_INFO = YES;
				ONLY_ACTIVE_ARCH = YES;
				SDKROOT = iphoneos;
				TARGETED_DEVICE_FAMILY = "1,2";
			};
			name = Debug;
		};
		1554D0111E10CE8D000FC274 /* Release */ = {
			isa = XCBuildConfiguration;
			buildSettings = {
				ALWAYS_SEARCH_USER_PATHS = NO;
				CLANG_ANALYZER_NONNULL = YES;
				CLANG_CXX_LANGUAGE_STANDARD = "gnu++0x";
				CLANG_CXX_LIBRARY = "libc++";
				CLANG_ENABLE_MODULES = YES;
				CLANG_ENABLE_OBJC_ARC = YES;
				CLANG_WARN_BLOCK_CAPTURE_AUTORELEASING = YES;
				CLANG_WARN_BOOL_CONVERSION = YES;
				CLANG_WARN_COMMA = YES;
				CLANG_WARN_CONSTANT_CONVERSION = YES;
				CLANG_WARN_DIRECT_OBJC_ISA_USAGE = YES_ERROR;
				CLANG_WARN_DOCUMENTATION_COMMENTS = YES;
				CLANG_WARN_EMPTY_BODY = YES;
				CLANG_WARN_ENUM_CONVERSION = YES;
				CLANG_WARN_INFINITE_RECURSION = YES;
				CLANG_WARN_INT_CONVERSION = YES;
				CLANG_WARN_NON_LITERAL_NULL_CONVERSION = YES;
				CLANG_WARN_OBJC_LITERAL_CONVERSION = YES;
				CLANG_WARN_OBJC_ROOT_CLASS = YES_ERROR;
				CLANG_WARN_RANGE_LOOP_ANALYSIS = YES;
				CLANG_WARN_STRICT_PROTOTYPES = YES;
				CLANG_WARN_SUSPICIOUS_MOVE = YES;
				CLANG_WARN_SUSPICIOUS_MOVES = YES;
				CLANG_WARN_UNREACHABLE_CODE = YES;
				CLANG_WARN__DUPLICATE_METHOD_MATCH = YES;
				"CODE_SIGN_IDENTITY[sdk=iphoneos*]" = "iPhone Developer";
				COPY_PHASE_STRIP = NO;
				DEBUG_INFORMATION_FORMAT = "dwarf-with-dsym";
				ENABLE_NS_ASSERTIONS = NO;
				ENABLE_STRICT_OBJC_MSGSEND = YES;
				GCC_C_LANGUAGE_STANDARD = gnu99;
				GCC_NO_COMMON_BLOCKS = YES;
				GCC_WARN_64_TO_32_BIT_CONVERSION = YES;
				GCC_WARN_ABOUT_RETURN_TYPE = YES_ERROR;
				GCC_WARN_UNDECLARED_SELECTOR = YES;
				GCC_WARN_UNINITIALIZED_AUTOS = YES_AGGRESSIVE;
				GCC_WARN_UNUSED_FUNCTION = YES;
				GCC_WARN_UNUSED_VARIABLE = YES;
				IPHONEOS_DEPLOYMENT_TARGET = 10.1;
				MTL_ENABLE_DEBUG_INFO = NO;
				SDKROOT = iphoneos;
				TARGETED_DEVICE_FAMILY = "1,2";
				VALIDATE_PRODUCT = YES;
			};
			name = Release;
		};
		1554D0131E10CE8D000FC274 /* Debug */ = {
			isa = XCBuildConfiguration;
			buildSettings = {
				ASSETCATALOG_COMPILER_APPICON_NAME = AppIcon;
				INFOPLIST_FILE = GradientBezierLine/Info.plist;
				LD_RUNPATH_SEARCH_PATHS = "$(inherited) @executable_path/Frameworks";
				PRODUCT_BUNDLE_IDENTIFIER = Ive.GradientBezierLine;
				PRODUCT_NAME = "$(TARGET_NAME)";
			};
			name = Debug;
		};
		1554D0141E10CE8D000FC274 /* Release */ = {
			isa = XCBuildConfiguration;
			buildSettings = {
				ASSETCATALOG_COMPILER_APPICON_NAME = AppIcon;
				INFOPLIST_FILE = GradientBezierLine/Info.plist;
				LD_RUNPATH_SEARCH_PATHS = "$(inherited) @executable_path/Frameworks";
				PRODUCT_BUNDLE_IDENTIFIER = Ive.GradientBezierLine;
				PRODUCT_NAME = "$(TARGET_NAME)";
			};
			name = Release;
		};
/* End XCBuildConfiguration section */

/* Begin XCConfigurationList section */
		1554CFF61E10CE8D000FC274 /* Build configuration list for PBXProject "GradientBezierLine" */ = {
			isa = XCConfigurationList;
			buildConfigurations = (
				1554D0101E10CE8D000FC274 /* Debug */,
				1554D0111E10CE8D000FC274 /* Release */,
			);
			defaultConfigurationIsVisible = 0;
			defaultConfigurationName = Release;
		};
		1554D0121E10CE8D000FC274 /* Build configuration list for PBXNativeTarget "GradientBezierLine" */ = {
			isa = XCConfigurationList;
			buildConfigurations = (
				1554D0131E10CE8D000FC274 /* Debug */,
				1554D0141E10CE8D000FC274 /* Release */,
			);
			defaultConfigurationIsVisible = 0;
			defaultConfigurationName = Release;
		};
/* End XCConfigurationList section */
	};
	rootObject = 1554CFF31E10CE8D000FC274 /* Project object */;
}
